
Microsoft Visual Studio Solution File, Format Version 12.00
# Visual Studio Version 16
VisualStudioVersion = 16.0.31624.102
MinimumVisualStudioVersion = 10.0.40219.1
Project("{FAE04EC0-301F-11D3-BF4B-00C04F79EFBC}") = "monoAlpha", "monoAlpha\monoAlpha.csproj", "{CE791C59-C80A-4518-A228-2F26943F5989}"
EndProject
Global
	GlobalSection(SolutionConfigurationPlatforms) = preSolution
		Debug|Any CPU = Debug|Any CPU
		Release|Any CPU = Release|Any CPU
	EndGlobalSection
	GlobalSection(ProjectConfigurationPlatforms) = postSolution
		{CE791C59-C80A-4518-A228-2F26943F5989}.Debug|Any CPU.ActiveCfg = Debug|Any CPU
		{CE791C59-C80A-4518-A228-2F26943F5989}.Debug|Any CPU.Build.0 = Debug|Any CPU
		{CE791C59-C80A-4518-A228-2F26943F5989}.Release|Any CPU.ActiveCfg = Release|Any CPU
		{CE791C59-C80A-4518-A228-2F26943F5989}.Release|Any CPU.Build.0 = Release|Any CPU
	EndGlobalSection
	GlobalSection(SolutionProperties) = preSolution
		HideSolutionNode = FALSE
	EndGlobalSection
	GlobalSection(ExtensibilityGlobals) = postSolution
		SolutionGuid = {474619AB-4946-41BC-BD88-A55FF10556EE}
	EndGlobalSection
EndGlobal
