
Microsoft Visual Studio Solution File, Format Version 12.00
# Visual Studio Version 16
VisualStudioVersion = 16.0.31624.102
MinimumVisualStudioVersion = 10.0.40219.1
Project("{FAE04EC0-301F-11D3-BF4B-00C04F79EFBC}") = "Alpha", "Alpha\Alpha.csproj", "{A3DD6C07-1BDC-44A1-9F30-B16BBC79A770}"
EndProject
Project("{2150E333-8FDC-42A3-9474-1A3956D46DE8}") = "Solution Items", "Solution Items", "{3146ED10-23E8-4821-87BE-A462391A1951}"
	ProjectSection(SolutionItems) = preProject
		.editorconfig = .editorconfig
	EndProjectSection
EndProject
Global
	GlobalSection(SolutionConfigurationPlatforms) = preSolution
		Debug|Any CPU = Debug|Any CPU
		Release|Any CPU = Release|Any CPU
	EndGlobalSection
	GlobalSection(ProjectConfigurationPlatforms) = postSolution
		{A3DD6C07-1BDC-44A1-9F30-B16BBC79A770}.Debug|Any CPU.ActiveCfg = Debug|Any CPU
		{A3DD6C07-1BDC-44A1-9F30-B16BBC79A770}.Debug|Any CPU.Build.0 = Debug|Any CPU
		{A3DD6C07-1BDC-44A1-9F30-B16BBC79A770}.Release|Any CPU.ActiveCfg = Release|Any CPU
		{A3DD6C07-1BDC-44A1-9F30-B16BBC79A770}.Release|Any CPU.Build.0 = Release|Any CPU
	EndGlobalSection
	GlobalSection(SolutionProperties) = preSolution
		HideSolutionNode = FALSE
	EndGlobalSection
	GlobalSection(ExtensibilityGlobals) = postSolution
		SolutionGuid = {76639DB5-A2A7-4CAC-B8CA-3F2EFD034428}
	EndGlobalSection
EndGlobal
